
Microsoft Visual Studio Solution File, Format Version 12.00
# Visual Studio Version 17
VisualStudioVersion = 17.5.33424.131
MinimumVisualStudioVersion = 10.0.40219.1
Project("{FAE04EC0-301F-11D3-BF4B-00C04F79EFBC}") = "MagicVilla_VillaAPI", "MagicVilla_VillaAPI\MagicVilla_VillaAPI.csproj", "{B3AEDF55-C725-46C6-90ED-2E19EEAEBE4E}"
EndProject
Project("{FAE04EC0-301F-11D3-BF4B-00C04F79EFBC}") = "MagicVilla_Web", "MagicVilla_Web\MagicVilla_Web.csproj", "{A5379110-2834-4A9D-997C-42AC89363021}"
EndProject
Project("{FAE04EC0-301F-11D3-BF4B-00C04F79EFBC}") = "MagicVilla_Utility", "MagicVilla_Utility\MagicVilla_Utility.csproj", "{19A78C07-AEC9-450A-B7A7-87800341577C}"
EndProject
Global
	GlobalSection(SolutionConfigurationPlatforms) = preSolution
		Debug|Any CPU = Debug|Any CPU
		Release|Any CPU = Release|Any CPU
	EndGlobalSection
	GlobalSection(ProjectConfigurationPlatforms) = postSolution
		{B3AEDF55-C725-46C6-90ED-2E19EEAEBE4E}.Debug|Any CPU.ActiveCfg = Debug|Any CPU
		{B3AEDF55-C725-46C6-90ED-2E19EEAEBE4E}.Debug|Any CPU.Build.0 = Debug|Any CPU
		{B3AEDF55-C725-46C6-90ED-2E19EEAEBE4E}.Release|Any CPU.ActiveCfg = Release|Any CPU
		{B3AEDF55-C725-46C6-90ED-2E19EEAEBE4E}.Release|Any CPU.Build.0 = Release|Any CPU
		{A5379110-2834-4A9D-997C-42AC89363021}.Debug|Any CPU.ActiveCfg = Debug|Any CPU
		{A5379110-2834-4A9D-997C-42AC89363021}.Debug|Any CPU.Build.0 = Debug|Any CPU
		{A5379110-2834-4A9D-997C-42AC89363021}.Release|Any CPU.ActiveCfg = Release|Any CPU
		{A5379110-2834-4A9D-997C-42AC89363021}.Release|Any CPU.Build.0 = Release|Any CPU
		{19A78C07-AEC9-450A-B7A7-87800341577C}.Debug|Any CPU.ActiveCfg = Debug|Any CPU
		{19A78C07-AEC9-450A-B7A7-87800341577C}.Debug|Any CPU.Build.0 = Debug|Any CPU
		{19A78C07-AEC9-450A-B7A7-87800341577C}.Release|Any CPU.ActiveCfg = Release|Any CPU
		{19A78C07-AEC9-450A-B7A7-87800341577C}.Release|Any CPU.Build.0 = Release|Any CPU
	EndGlobalSection
	GlobalSection(SolutionProperties) = preSolution
		HideSolutionNode = FALSE
	EndGlobalSection
	GlobalSection(ExtensibilityGlobals) = postSolution
		SolutionGuid = {A619BF43-4D4F-4AE8-AF15-B85BCB8218A7}
	EndGlobalSection
EndGlobal
